
Microsoft Visual Studio Solution File, Format Version 12.00
# Visual Studio 15
VisualStudioVersion = 15.0.28010.2003
MinimumVisualStudioVersion = 10.0.40219.1
Project("{FAE04EC0-301F-11D3-BF4B-00C04F79EFBC}") = "Demo.Android", "Demo\Demo.Android\Demo.Android.csproj", "{A24C9A5A-E54F-480C-8FB5-F8643D4070EA}"
EndProject
Project("{FAE04EC0-301F-11D3-BF4B-00C04F79EFBC}") = "Demo.iOS", "Demo\Demo.iOS\Demo.iOS.csproj", "{910F2596-8DA0-4418-BF41-FAD5F2ABCD8C}"
EndProject
Project("{9A19103F-16F7-4668-BE54-9A1E7A4F7556}") = "Demo", "Demo\Demo\Demo.csproj", "{960E224C-5D16-44AD-B1BC-C6E1FF1912A8}"
EndProject
Global
	GlobalSection(SolutionConfigurationPlatforms) = preSolution
		Ad-Hoc|Any CPU = Ad-Hoc|Any CPU
		Ad-Hoc|iPhone = Ad-Hoc|iPhone
		Ad-Hoc|iPhoneSimulator = Ad-Hoc|iPhoneSimulator
		AppStore|Any CPU = AppStore|Any CPU
		AppStore|iPhone = AppStore|iPhone
		AppStore|iPhoneSimulator = AppStore|iPhoneSimulator
		Debug|Any CPU = Debug|Any CPU
		Debug|iPhone = Debug|iPhone
		Debug|iPhoneSimulator = Debug|iPhoneSimulator
		Release|Any CPU = Release|Any CPU
		Release|iPhone = Release|iPhone
		Release|iPhoneSimulator = Release|iPhoneSimulator
	EndGlobalSection
	GlobalSection(ProjectConfigurationPlatforms) = postSolution
		{A24C9A5A-E54F-480C-8FB5-F8643D4070EA}.Ad-Hoc|Any CPU.ActiveCfg = Release|Any CPU
		{A24C9A5A-E54F-480C-8FB5-F8643D4070EA}.Ad-Hoc|Any CPU.Build.0 = Release|Any CPU
		{A24C9A5A-E54F-480C-8FB5-F8643D4070EA}.Ad-Hoc|Any CPU.Deploy.0 = Release|Any CPU
		{A24C9A5A-E54F-480C-8FB5-F8643D4070EA}.Ad-Hoc|iPhone.ActiveCfg = Release|Any CPU
		{A24C9A5A-E54F-480C-8FB5-F8643D4070EA}.Ad-Hoc|iPhone.Build.0 = Release|Any CPU
		{A24C9A5A-E54F-480C-8FB5-F8643D4070EA}.Ad-Hoc|iPhone.Deploy.0 = Release|Any CPU
		{A24C9A5A-E54F-480C-8FB5-F8643D4070EA}.Ad-Hoc|iPhoneSimulator.ActiveCfg = Release|Any CPU
		{A24C9A5A-E54F-480C-8FB5-F8643D4070EA}.Ad-Hoc|iPhoneSimulator.Build.0 = Release|Any CPU
		{A24C9A5A-E54F-480C-8FB5-F8643D4070EA}.Ad-Hoc|iPhoneSimulator.Deploy.0 = Release|Any CPU
		{A24C9A5A-E54F-480C-8FB5-F8643D4070EA}.AppStore|Any CPU.ActiveCfg = Release|Any CPU
		{A24C9A5A-E54F-480C-8FB5-F8643D4070EA}.AppStore|Any CPU.Build.0 = Release|Any CPU
		{A24C9A5A-E54F-480C-8FB5-F8643D4070EA}.AppStore|Any CPU.Deploy.0 = Release|Any CPU
		{A24C9A5A-E54F-480C-8FB5-F8643D4070EA}.AppStore|iPhone.ActiveCfg = Release|Any CPU
		{A24C9A5A-E54F-480C-8FB5-F8643D4070EA}.AppStore|iPhone.Build.0 = Release|Any CPU
		{A24C9A5A-E54F-480C-8FB5-F8643D4070EA}.AppStore|iPhone.Deploy.0 = Release|Any CPU
		{A24C9A5A-E54F-480C-8FB5-F8643D4070EA}.AppStore|iPhoneSimulator.ActiveCfg = Release|Any CPU
		{A24C9A5A-E54F-480C-8FB5-F8643D4070EA}.AppStore|iPhoneSimulator.Build.0 = Release|Any CPU
		{A24C9A5A-E54F-480C-8FB5-F8643D4070EA}.AppStore|iPhoneSimulator.Deploy.0 = Release|Any CPU
		{A24C9A5A-E54F-480C-8FB5-F8643D4070EA}.Debug|Any CPU.ActiveCfg = Debug|Any CPU
		{A24C9A5A-E54F-480C-8FB5-F8643D4070EA}.Debug|Any CPU.Build.0 = Debug|Any CPU
		{A24C9A5A-E54F-480C-8FB5-F8643D4070EA}.Debug|Any CPU.Deploy.0 = Debug|Any CPU
		{A24C9A5A-E54F-480C-8FB5-F8643D4070EA}.Debug|iPhone.ActiveCfg = Debug|Any CPU
		{A24C9A5A-E54F-480C-8FB5-F8643D4070EA}.Debug|iPhone.Build.0 = Debug|Any CPU
		{A24C9A5A-E54F-480C-8FB5-F8643D4070EA}.Debug|iPhone.Deploy.0 = Debug|Any CPU
		{A24C9A5A-E54F-480C-8FB5-F8643D4070EA}.Debug|iPhoneSimulator.ActiveCfg = Debug|Any CPU
		{A24C9A5A-E54F-480C-8FB5-F8643D4070EA}.Debug|iPhoneSimulator.Build.0 = Debug|Any CPU
		{A24C9A5A-E54F-480C-8FB5-F8643D4070EA}.Debug|iPhoneSimulator.Deploy.0 = Debug|Any CPU
		{A24C9A5A-E54F-480C-8FB5-F8643D4070EA}.Release|Any CPU.ActiveCfg = Release|Any CPU
		{A24C9A5A-E54F-480C-8FB5-F8643D4070EA}.Release|Any CPU.Build.0 = Release|Any CPU
		{A24C9A5A-E54F-480C-8FB5-F8643D4070EA}.Release|Any CPU.Deploy.0 = Release|Any CPU
		{A24C9A5A-E54F-480C-8FB5-F8643D4070EA}.Release|iPhone.ActiveCfg = Release|Any CPU
		{A24C9A5A-E54F-480C-8FB5-F8643D4070EA}.Release|iPhone.Build.0 = Release|Any CPU
		{A24C9A5A-E54F-480C-8FB5-F8643D4070EA}.Release|iPhone.Deploy.0 = Release|Any CPU
		{A24C9A5A-E54F-480C-8FB5-F8643D4070EA}.Release|iPhoneSimulator.ActiveCfg = Release|Any CPU
		{A24C9A5A-E54F-480C-8FB5-F8643D4070EA}.Release|iPhoneSimulator.Build.0 = Release|Any CPU
		{A24C9A5A-E54F-480C-8FB5-F8643D4070EA}.Release|iPhoneSimulator.Deploy.0 = Release|Any CPU
		{910F2596-8DA0-4418-BF41-FAD5F2ABCD8C}.Ad-Hoc|Any CPU.ActiveCfg = Ad-Hoc|iPhone
		{910F2596-8DA0-4418-BF41-FAD5F2ABCD8C}.Ad-Hoc|Any CPU.Build.0 = Ad-Hoc|iPhone
		{910F2596-8DA0-4418-BF41-FAD5F2ABCD8C}.Ad-Hoc|Any CPU.Deploy.0 = Ad-Hoc|iPhone
		{910F2596-8DA0-4418-BF41-FAD5F2ABCD8C}.Ad-Hoc|iPhone.ActiveCfg = Ad-Hoc|iPhone
		{910F2596-8DA0-4418-BF41-FAD5F2ABCD8C}.Ad-Hoc|iPhone.Build.0 = Ad-Hoc|iPhone
		{910F2596-8DA0-4418-BF41-FAD5F2ABCD8C}.Ad-Hoc|iPhone.Deploy.0 = Ad-Hoc|iPhone
		{910F2596-8DA0-4418-BF41-FAD5F2ABCD8C}.Ad-Hoc|iPhoneSimulator.ActiveCfg = Ad-Hoc|iPhoneSimulator
		{910F2596-8DA0-4418-BF41-FAD5F2ABCD8C}.Ad-Hoc|iPhoneSimulator.Build.0 = Ad-Hoc|iPhoneSimulator
		{910F2596-8DA0-4418-BF41-FAD5F2ABCD8C}.Ad-Hoc|iPhoneSimulator.Deploy.0 = Ad-Hoc|iPhoneSimulator
		{910F2596-8DA0-4418-BF41-FAD5F2ABCD8C}.AppStore|Any CPU.ActiveCfg = AppStore|iPhone
		{910F2596-8DA0-4418-BF41-FAD5F2ABCD8C}.AppStore|Any CPU.Build.0 = AppStore|iPhone
		{910F2596-8DA0-4418-BF41-FAD5F2ABCD8C}.AppStore|Any CPU.Deploy.0 = AppStore|iPhone
		{910F2596-8DA0-4418-BF41-FAD5F2ABCD8C}.AppStore|iPhone.ActiveCfg = AppStore|iPhone
		{910F2596-8DA0-4418-BF41-FAD5F2ABCD8C}.AppStore|iPhone.Build.0 = AppStore|iPhone
		{910F2596-8DA0-4418-BF41-FAD5F2ABCD8C}.AppStore|iPhone.Deploy.0 = AppStore|iPhone
		{910F2596-8DA0-4418-BF41-FAD5F2ABCD8C}.AppStore|iPhoneSimulator.ActiveCfg = AppStore|iPhoneSimulator
		{910F2596-8DA0-4418-BF41-FAD5F2ABCD8C}.AppStore|iPhoneSimulator.Build.0 = AppStore|iPhoneSimulator
		{910F2596-8DA0-4418-BF41-FAD5F2ABCD8C}.AppStore|iPhoneSimulator.Deploy.0 = AppStore|iPhoneSimulator
		{910F2596-8DA0-4418-BF41-FAD5F2ABCD8C}.Debug|Any CPU.ActiveCfg = Debug|iPhoneSimulator
		{910F2596-8DA0-4418-BF41-FAD5F2ABCD8C}.Debug|Any CPU.Build.0 = Debug|iPhoneSimulator
		{910F2596-8DA0-4418-BF41-FAD5F2ABCD8C}.Debug|Any CPU.Deploy.0 = Debug|iPhoneSimulator
		{910F2596-8DA0-4418-BF41-FAD5F2ABCD8C}.Debug|iPhone.ActiveCfg = Debug|iPhone
		{910F2596-8DA0-4418-BF41-FAD5F2ABCD8C}.Debug|iPhone.Build.0 = Debug|iPhone
		{910F2596-8DA0-4418-BF41-FAD5F2ABCD8C}.Debug|iPhone.Deploy.0 = Debug|iPhone
		{910F2596-8DA0-4418-BF41-FAD5F2ABCD8C}.Debug|iPhoneSimulator.ActiveCfg = Debug|iPhoneSimulator
		{910F2596-8DA0-4418-BF41-FAD5F2ABCD8C}.Debug|iPhoneSimulator.Build.0 = Debug|iPhoneSimulator
		{910F2596-8DA0-4418-BF41-FAD5F2ABCD8C}.Debug|iPhoneSimulator.Deploy.0 = Debug|iPhoneSimulator
		{910F2596-8DA0-4418-BF41-FAD5F2ABCD8C}.Release|Any CPU.ActiveCfg = Release|iPhone
		{910F2596-8DA0-4418-BF41-FAD5F2ABCD8C}.Release|Any CPU.Build.0 = Release|iPhone
		{910F2596-8DA0-4418-BF41-FAD5F2ABCD8C}.Release|Any CPU.Deploy.0 = Release|iPhone
		{910F2596-8DA0-4418-BF41-FAD5F2ABCD8C}.Release|iPhone.ActiveCfg = Release|iPhone
		{910F2596-8DA0-4418-BF41-FAD5F2ABCD8C}.Release|iPhone.Build.0 = Release|iPhone
		{910F2596-8DA0-4418-BF41-FAD5F2ABCD8C}.Release|iPhone.Deploy.0 = Release|iPhone
		{910F2596-8DA0-4418-BF41-FAD5F2ABCD8C}.Release|iPhoneSimulator.ActiveCfg = Release|iPhoneSimulator
		{910F2596-8DA0-4418-BF41-FAD5F2ABCD8C}.Release|iPhoneSimulator.Build.0 = Release|iPhoneSimulator
		{910F2596-8DA0-4418-BF41-FAD5F2ABCD8C}.Release|iPhoneSimulator.Deploy.0 = Release|iPhoneSimulator
		{960E224C-5D16-44AD-B1BC-C6E1FF1912A8}.Ad-Hoc|Any CPU.ActiveCfg = Debug|Any CPU
		{960E224C-5D16-44AD-B1BC-C6E1FF1912A8}.Ad-Hoc|Any CPU.Build.0 = Debug|Any CPU
		{960E224C-5D16-44AD-B1BC-C6E1FF1912A8}.Ad-Hoc|Any CPU.Deploy.0 = Debug|Any CPU
		{960E224C-5D16-44AD-B1BC-C6E1FF1912A8}.Ad-Hoc|iPhone.ActiveCfg = Debug|Any CPU
		{960E224C-5D16-44AD-B1BC-C6E1FF1912A8}.Ad-Hoc|iPhone.Build.0 = Debug|Any CPU
		{960E224C-5D16-44AD-B1BC-C6E1FF1912A8}.Ad-Hoc|iPhone.Deploy.0 = Debug|Any CPU
		{960E224C-5D16-44AD-B1BC-C6E1FF1912A8}.Ad-Hoc|iPhoneSimulator.ActiveCfg = Debug|Any CPU
		{960E224C-5D16-44AD-B1BC-C6E1FF1912A8}.Ad-Hoc|iPhoneSimulator.Build.0 = Debug|Any CPU
		{960E224C-5D16-44AD-B1BC-C6E1FF1912A8}.Ad-Hoc|iPhoneSimulator.Deploy.0 = Debug|Any CPU
		{960E224C-5D16-44AD-B1BC-C6E1FF1912A8}.AppStore|Any CPU.ActiveCfg = Debug|Any CPU
		{960E224C-5D16-44AD-B1BC-C6E1FF1912A8}.AppStore|Any CPU.Build.0 = Debug|Any CPU
		{960E224C-5D16-44AD-B1BC-C6E1FF1912A8}.AppStore|Any CPU.Deploy.0 = Debug|Any CPU
		{960E224C-5D16-44AD-B1BC-C6E1FF1912A8}.AppStore|iPhone.ActiveCfg = Debug|Any CPU
		{960E224C-5D16-44AD-B1BC-C6E1FF1912A8}.AppStore|iPhone.Build.0 = Debug|Any CPU
		{960E224C-5D16-44AD-B1BC-C6E1FF1912A8}.AppStore|iPhone.Deploy.0 = Debug|Any CPU
		{960E224C-5D16-44AD-B1BC-C6E1FF1912A8}.AppStore|iPhoneSimulator.ActiveCfg = Debug|Any CPU
		{960E224C-5D16-44AD-B1BC-C6E1FF1912A8}.AppStore|iPhoneSimulator.Build.0 = Debug|Any CPU
		{960E224C-5D16-44AD-B1BC-C6E1FF1912A8}.AppStore|iPhoneSimulator.Deploy.0 = Debug|Any CPU
		{960E224C-5D16-44AD-B1BC-C6E1FF1912A8}.Debug|Any CPU.ActiveCfg = Debug|Any CPU
		{960E224C-5D16-44AD-B1BC-C6E1FF1912A8}.Debug|Any CPU.Build.0 = Debug|Any CPU
		{960E224C-5D16-44AD-B1BC-C6E1FF1912A8}.Debug|Any CPU.Deploy.0 = Debug|Any CPU
		{960E224C-5D16-44AD-B1BC-C6E1FF1912A8}.Debug|iPhone.ActiveCfg = Debug|Any CPU
		{960E224C-5D16-44AD-B1BC-C6E1FF1912A8}.Debug|iPhone.Build.0 = Debug|Any CPU
		{960E224C-5D16-44AD-B1BC-C6E1FF1912A8}.Debug|iPhone.Deploy.0 = Debug|Any CPU
		{960E224C-5D16-44AD-B1BC-C6E1FF1912A8}.Debug|iPhoneSimulator.ActiveCfg = Debug|Any CPU
		{960E224C-5D16-44AD-B1BC-C6E1FF1912A8}.Debug|iPhoneSimulator.Build.0 = Debug|Any CPU
		{960E224C-5D16-44AD-B1BC-C6E1FF1912A8}.Debug|iPhoneSimulator.Deploy.0 = Debug|Any CPU
		{960E224C-5D16-44AD-B1BC-C6E1FF1912A8}.Release|Any CPU.ActiveCfg = Release|Any CPU
		{960E224C-5D16-44AD-B1BC-C6E1FF1912A8}.Release|Any CPU.Build.0 = Release|Any CPU
		{960E224C-5D16-44AD-B1BC-C6E1FF1912A8}.Release|Any CPU.Deploy.0 = Release|Any CPU
		{960E224C-5D16-44AD-B1BC-C6E1FF1912A8}.Release|iPhone.ActiveCfg = Release|Any CPU
		{960E224C-5D16-44AD-B1BC-C6E1FF1912A8}.Release|iPhone.Build.0 = Release|Any CPU
		{960E224C-5D16-44AD-B1BC-C6E1FF1912A8}.Release|iPhone.Deploy.0 = Release|Any CPU
		{960E224C-5D16-44AD-B1BC-C6E1FF1912A8}.Release|iPhoneSimulator.ActiveCfg = Release|Any CPU
		{960E224C-5D16-44AD-B1BC-C6E1FF1912A8}.Release|iPhoneSimulator.Build.0 = Release|Any CPU
		{960E224C-5D16-44AD-B1BC-C6E1FF1912A8}.Release|iPhoneSimulator.Deploy.0 = Release|Any CPU
	EndGlobalSection
	GlobalSection(SolutionProperties) = preSolution
		HideSolutionNode = FALSE
	EndGlobalSection
	GlobalSection(ExtensibilityGlobals) = postSolution
		SolutionGuid = {62DBB7FC-8A6A-40E1-8163-79543F86DFF9}
	EndGlobalSection
EndGlobal
